{
	"name": "arweave-wallet-connector-node",
	"version": "0.0.0",
	"lockfileVersion": 2,
	"requires": true,
	"packages": {
		"": {
			"name": "arweave-wallet-connector-node",
			"version": "0.0.0",
			"dependencies": {
				"arweave-wallet-connector": "0.0.26",
				"open": "^8.4.0",
				"ws": "^8.5.0"
			},
			"devDependencies": {
				"@types/ws": "^8.5.3",
				"typescript": "^4.6.2"
			}
		},
		"../ArweaveWalletConnector": {
			"name": "arweave-wallet-connector",
			"version": "0.0.26",
			"extraneous": true,
			"license": "ISC",
			"dependencies": {
				"mitt": "^3.0.0",
				"typescript-is": "^0.19.0"
			},
			"devDependencies": {
				"arweave": "^1.10.23",
				"esbuild": "^0.13.14",
				"rimraf": "^3.0.2",
				"ttypescript": "^1.5.12",
				"typescript": "^4.5.3"
			}
		},
		"node_modules/@types/node": {
			"version": "17.0.21",
			"resolved": "https://registry.npmjs.org/@types/node/-/node-17.0.21.tgz",
			"integrity": "sha512-DBZCJbhII3r90XbQxI8Y9IjjiiOGlZ0Hr32omXIZvwwZ7p4DMMXGrKXVyPfuoBOri9XNtL0UK69jYIBIsRX3QQ==",
			"dev": true
		},
		"node_modules/@types/ws": {
			"version": "8.5.3",
			"resolved": "https://registry.npmjs.org/@types/ws/-/ws-8.5.3.tgz",
			"integrity": "sha512-6YOoWjruKj1uLf3INHH7D3qTXwFfEsg1kf3c0uDdSBJwfa/llkwIjrAGV7j7mVgGNbzTQ3HiHKKDXl6bJPD97w==",
			"dev": true,
			"dependencies": {
				"@types/node": "*"
			}
		},
		"node_modules/arweave-wallet-connector": {
			"version": "0.0.26",
			"resolved": "https://registry.npmjs.org/arweave-wallet-connector/-/arweave-wallet-connector-0.0.26.tgz",
			"integrity": "sha512-sC0xhP9BlH3PhXSlgWOQRDHB1jd6kiAIvj4DWc/E863+alTU2cVR5NaQrc5sG+U6kR3p8DJX+o0VQoo0WcLFKw==",
			"dependencies": {
				"mitt": "^3.0.0",
				"typescript-is": "^0.19.0"
			}
		},
		"node_modules/define-lazy-prop": {
			"version": "2.0.0",
			"resolved": "https://registry.npmjs.org/define-lazy-prop/-/define-lazy-prop-2.0.0.tgz",
			"integrity": "sha512-Ds09qNh8yw3khSjiJjiUInaGX9xlqZDY7JVryGxdxV7NPeuqQfplOpQ66yJFZut3jLa5zOwkXw1g9EI2uKh4Og==",
			"engines": {
				"node": ">=8"
			}
		},
		"node_modules/is-docker": {
			"version": "2.2.1",
			"resolved": "https://registry.npmjs.org/is-docker/-/is-docker-2.2.1.tgz",
			"integrity": "sha512-F+i2BKsFrH66iaUFc0woD8sLy8getkwTwtOBjvs56Cx4CgJDeKQeqfz8wAYiSb8JOprWhHH5p77PbmYCvvUuXQ==",
			"bin": {
				"is-docker": "cli.js"
			},
			"engines": {
				"node": ">=8"
			},
			"funding": {
				"url": "https://github.com/sponsors/sindresorhus"
			}
		},
		"node_modules/is-wsl": {
			"version": "2.2.0",
			"resolved": "https://registry.npmjs.org/is-wsl/-/is-wsl-2.2.0.tgz",
			"integrity": "sha512-fKzAra0rGJUUBwGBgNkHZuToZcn+TtXHpeCgmkMJMMYx1sQDYaCSyjJBSCa2nH1DGm7s3n1oBnohoVTBaN7Lww==",
			"dependencies": {
				"is-docker": "^2.0.0"
			},
			"engines": {
				"node": ">=8"
			}
		},
		"node_modules/mitt": {
			"version": "3.0.0",
			"resolved": "https://registry.npmjs.org/mitt/-/mitt-3.0.0.tgz",
			"integrity": "sha512-7dX2/10ITVyqh4aOSVI9gdape+t9l2/8QxHrFmUXu4EEUpdlxl6RudZUPZoc+zuY2hk1j7XxVroIVIan/pD/SQ=="
		},
		"node_modules/nested-error-stacks": {
			"version": "2.1.0",
			"resolved": "https://registry.npmjs.org/nested-error-stacks/-/nested-error-stacks-2.1.0.tgz",
			"integrity": "sha512-AO81vsIO1k1sM4Zrd6Hu7regmJN1NSiAja10gc4bX3F0wd+9rQmcuHQaHVQCYIEC8iFXnE+mavh23GOt7wBgug=="
		},
		"node_modules/open": {
			"version": "8.4.0",
			"resolved": "https://registry.npmjs.org/open/-/open-8.4.0.tgz",
			"integrity": "sha512-XgFPPM+B28FtCCgSb9I+s9szOC1vZRSwgWsRUA5ylIxRTgKozqjOCrVOqGsYABPYK5qnfqClxZTFBa8PKt2v6Q==",
			"dependencies": {
				"define-lazy-prop": "^2.0.0",
				"is-docker": "^2.1.1",
				"is-wsl": "^2.2.0"
			},
			"engines": {
				"node": ">=12"
			},
			"funding": {
				"url": "https://github.com/sponsors/sindresorhus"
			}
		},
		"node_modules/reflect-metadata": {
			"version": "0.1.13",
			"resolved": "https://registry.npmjs.org/reflect-metadata/-/reflect-metadata-0.1.13.tgz",
			"integrity": "sha512-Ts1Y/anZELhSsjMcU605fU9RE4Oi3p5ORujwbIKXfWa+0Zxs510Qrmrce5/Jowq3cHSZSJqBjypxmHarc+vEWg==",
			"optional": true
		},
		"node_modules/tslib": {
			"version": "1.14.1",
			"resolved": "https://registry.npmjs.org/tslib/-/tslib-1.14.1.tgz",
			"integrity": "sha512-Xni35NKzjgMrwevysHTCArtLDpPvye8zV/0E4EyYn43P7/7qvQwPh9BGkHewbMulVntbigmcT7rdX3BNo9wRJg=="
		},
		"node_modules/tsutils": {
			"version": "3.21.0",
			"resolved": "https://registry.npmjs.org/tsutils/-/tsutils-3.21.0.tgz",
			"integrity": "sha512-mHKK3iUXL+3UF6xL5k0PEhKRUBKPBCv/+RkEOpjRWxxx27KKRBmmA60A9pgOUvMi8GKhRMPEmjBRPzs2W7O1OA==",
			"dependencies": {
				"tslib": "^1.8.1"
			},
			"engines": {
				"node": ">= 6"
			},
			"peerDependencies": {
				"typescript": ">=2.8.0 || >= 3.2.0-dev || >= 3.3.0-dev || >= 3.4.0-dev || >= 3.5.0-dev || >= 3.6.0-dev || >= 3.6.0-beta || >= 3.7.0-dev || >= 3.7.0-beta"
			}
		},
		"node_modules/typescript": {
			"version": "4.6.2",
			"resolved": "https://registry.npmjs.org/typescript/-/typescript-4.6.2.tgz",
			"integrity": "sha512-HM/hFigTBHZhLXshn9sN37H085+hQGeJHJ/X7LpBWLID/fbc2acUMfU+lGD98X81sKP+pFa9f0DZmCwB9GnbAg==",
			"bin": {
				"tsc": "bin/tsc",
				"tsserver": "bin/tsserver"
			},
			"engines": {
				"node": ">=4.2.0"
			}
		},
		"node_modules/typescript-is": {
			"version": "0.19.0",
			"resolved": "https://registry.npmjs.org/typescript-is/-/typescript-is-0.19.0.tgz",
			"integrity": "sha512-SAJEx2cxbQZhfOjDEjPnQJt1qRS1M3wrKbUwvsywVHWGbMgM1dcIf9gPWNDS1/dgTa/7Iexk2mmAHHsP9MeCsA==",
			"dependencies": {
				"nested-error-stacks": "^2",
				"tsutils": "^3.17.1"
			},
			"engines": {
				"node": ">=6.14.4"
			},
			"optionalDependencies": {
				"reflect-metadata": ">=0.1.12"
			},
			"peerDependencies": {
				"typescript": "^4.1.5"
			}
		},
		"node_modules/ws": {
			"version": "8.5.0",
			"resolved": "https://registry.npmjs.org/ws/-/ws-8.5.0.tgz",
			"integrity": "sha512-BWX0SWVgLPzYwF8lTzEy1egjhS4S4OEAHfsO8o65WOVsrnSRGaSiUaa9e0ggGlkMTtBlmOpEXiie9RUcBO86qg==",
			"engines": {
				"node": ">=10.0.0"
			},
			"peerDependencies": {
				"bufferutil": "^4.0.1",
				"utf-8-validate": "^5.0.2"
			},
			"peerDependenciesMeta": {
				"bufferutil": {
					"optional": true
				},
				"utf-8-validate": {
					"optional": true
				}
			}
		}
	},
	"dependencies": {
		"@types/node": {
			"version": "17.0.21",
			"resolved": "https://registry.npmjs.org/@types/node/-/node-17.0.21.tgz",
			"integrity": "sha512-DBZCJbhII3r90XbQxI8Y9IjjiiOGlZ0Hr32omXIZvwwZ7p4DMMXGrKXVyPfuoBOri9XNtL0UK69jYIBIsRX3QQ==",
			"dev": true
		},
		"@types/ws": {
			"version": "8.5.3",
			"resolved": "https://registry.npmjs.org/@types/ws/-/ws-8.5.3.tgz",
			"integrity": "sha512-6YOoWjruKj1uLf3INHH7D3qTXwFfEsg1kf3c0uDdSBJwfa/llkwIjrAGV7j7mVgGNbzTQ3HiHKKDXl6bJPD97w==",
			"dev": true,
			"requires": {
				"@types/node": "*"
			}
		},
		"arweave-wallet-connector": {
			"version": "0.0.26",
			"resolved": "https://registry.npmjs.org/arweave-wallet-connector/-/arweave-wallet-connector-0.0.26.tgz",
			"integrity": "sha512-sC0xhP9BlH3PhXSlgWOQRDHB1jd6kiAIvj4DWc/E863+alTU2cVR5NaQrc5sG+U6kR3p8DJX+o0VQoo0WcLFKw==",
			"requires": {
				"mitt": "^3.0.0",
				"typescript-is": "^0.19.0"
			}
		},
		"define-lazy-prop": {
			"version": "2.0.0",
			"resolved": "https://registry.npmjs.org/define-lazy-prop/-/define-lazy-prop-2.0.0.tgz",
			"integrity": "sha512-Ds09qNh8yw3khSjiJjiUInaGX9xlqZDY7JVryGxdxV7NPeuqQfplOpQ66yJFZut3jLa5zOwkXw1g9EI2uKh4Og=="
		},
		"is-docker": {
			"version": "2.2.1",
			"resolved": "https://registry.npmjs.org/is-docker/-/is-docker-2.2.1.tgz",
			"integrity": "sha512-F+i2BKsFrH66iaUFc0woD8sLy8getkwTwtOBjvs56Cx4CgJDeKQeqfz8wAYiSb8JOprWhHH5p77PbmYCvvUuXQ=="
		},
		"is-wsl": {
			"version": "2.2.0",
			"resolved": "https://registry.npmjs.org/is-wsl/-/is-wsl-2.2.0.tgz",
			"integrity": "sha512-fKzAra0rGJUUBwGBgNkHZuToZcn+TtXHpeCgmkMJMMYx1sQDYaCSyjJBSCa2nH1DGm7s3n1oBnohoVTBaN7Lww==",
			"requires": {
				"is-docker": "^2.0.0"
			}
		},
		"mitt": {
			"version": "3.0.0",
			"resolved": "https://registry.npmjs.org/mitt/-/mitt-3.0.0.tgz",
			"integrity": "sha512-7dX2/10ITVyqh4aOSVI9gdape+t9l2/8QxHrFmUXu4EEUpdlxl6RudZUPZoc+zuY2hk1j7XxVroIVIan/pD/SQ=="
		},
		"nested-error-stacks": {
			"version": "2.1.0",
			"resolved": "https://registry.npmjs.org/nested-error-stacks/-/nested-error-stacks-2.1.0.tgz",
			"integrity": "sha512-AO81vsIO1k1sM4Zrd6Hu7regmJN1NSiAja10gc4bX3F0wd+9rQmcuHQaHVQCYIEC8iFXnE+mavh23GOt7wBgug=="
		},
		"open": {
			"version": "8.4.0",
			"resolved": "https://registry.npmjs.org/open/-/open-8.4.0.tgz",
			"integrity": "sha512-XgFPPM+B28FtCCgSb9I+s9szOC1vZRSwgWsRUA5ylIxRTgKozqjOCrVOqGsYABPYK5qnfqClxZTFBa8PKt2v6Q==",
			"requires": {
				"define-lazy-prop": "^2.0.0",
				"is-docker": "^2.1.1",
				"is-wsl": "^2.2.0"
			}
		},
		"reflect-metadata": {
			"version": "0.1.13",
			"resolved": "https://registry.npmjs.org/reflect-metadata/-/reflect-metadata-0.1.13.tgz",
			"integrity": "sha512-Ts1Y/anZELhSsjMcU605fU9RE4Oi3p5ORujwbIKXfWa+0Zxs510Qrmrce5/Jowq3cHSZSJqBjypxmHarc+vEWg==",
			"optional": true
		},
		"tslib": {
			"version": "1.14.1",
			"resolved": "https://registry.npmjs.org/tslib/-/tslib-1.14.1.tgz",
			"integrity": "sha512-Xni35NKzjgMrwevysHTCArtLDpPvye8zV/0E4EyYn43P7/7qvQwPh9BGkHewbMulVntbigmcT7rdX3BNo9wRJg=="
		},
		"tsutils": {
			"version": "3.21.0",
			"resolved": "https://registry.npmjs.org/tsutils/-/tsutils-3.21.0.tgz",
			"integrity": "sha512-mHKK3iUXL+3UF6xL5k0PEhKRUBKPBCv/+RkEOpjRWxxx27KKRBmmA60A9pgOUvMi8GKhRMPEmjBRPzs2W7O1OA==",
			"requires": {
				"tslib": "^1.8.1"
			}
		},
		"typescript": {
			"version": "4.6.2",
			"resolved": "https://registry.npmjs.org/typescript/-/typescript-4.6.2.tgz",
			"integrity": "sha512-HM/hFigTBHZhLXshn9sN37H085+hQGeJHJ/X7LpBWLID/fbc2acUMfU+lGD98X81sKP+pFa9f0DZmCwB9GnbAg=="
		},
		"typescript-is": {
			"version": "0.19.0",
			"resolved": "https://registry.npmjs.org/typescript-is/-/typescript-is-0.19.0.tgz",
			"integrity": "sha512-SAJEx2cxbQZhfOjDEjPnQJt1qRS1M3wrKbUwvsywVHWGbMgM1dcIf9gPWNDS1/dgTa/7Iexk2mmAHHsP9MeCsA==",
			"requires": {
				"nested-error-stacks": "^2",
				"reflect-metadata": ">=0.1.12",
				"tsutils": "^3.17.1"
			}
		},
		"ws": {
			"version": "8.5.0",
			"resolved": "https://registry.npmjs.org/ws/-/ws-8.5.0.tgz",
			"integrity": "sha512-BWX0SWVgLPzYwF8lTzEy1egjhS4S4OEAHfsO8o65WOVsrnSRGaSiUaa9e0ggGlkMTtBlmOpEXiie9RUcBO86qg==",
			"requires": {}
		}
	}
}
